// !$*UTF8*$!
{
	archiveVersion = 1;
	classes = {
	};
	objectVersion = 51;
	objects = {

/* Begin PBXBuildFile section */
		4E82BFA79889916CC4D90CAE /* Pods_goodNewsAppTests.framework in Frameworks */ = {isa = PBXBuildFile; fileRef = 43A92C0D60172C2D1135F23A /* Pods_goodNewsAppTests.framework */; };
		C093ACE318087BD7E293DFC0 /* Pods_goodNewsApp_goodNewsAppUITests.framework in Frameworks */ = {isa = PBXBuildFile; fileRef = D7CF333CE1FBEB8AD3B26CC8 /* Pods_goodNewsApp_goodNewsAppUITests.framework */; };
		F21B38712620E31C0075AF71 /* Article.swift in Sources */ = {isa = PBXBuildFile; fileRef = F21B38702620E31C0075AF71 /* Article.swift */; };
		F2EF148926208CE600093B1D /* AppDelegate.swift in Sources */ = {isa = PBXBuildFile; fileRef = F2EF148826208CE600093B1D /* AppDelegate.swift */; };
		F2EF149026208CE600093B1D /* Main.storyboard in Resources */ = {isa = PBXBuildFile; fileRef = F2EF148E26208CE600093B1D /* Main.storyboard */; };
		F2EF149326208CE600093B1D /* goodNewsApp.xcdatamodeld in Sources */ = {isa = PBXBuildFile; fileRef = F2EF149126208CE600093B1D /* goodNewsApp.xcdatamodeld */; };
		F2EF149526208CEB00093B1D /* Assets.xcassets in Resources */ = {isa = PBXBuildFile; fileRef = F2EF149426208CEB00093B1D /* Assets.xcassets */; };
		F2EF149826208CEB00093B1D /* LaunchScreen.storyboard in Resources */ = {isa = PBXBuildFile; fileRef = F2EF149626208CEB00093B1D /* LaunchScreen.storyboard */; };
		F2EF14A326208CEB00093B1D /* goodNewsAppTests.swift in Sources */ = {isa = PBXBuildFile; fileRef = F2EF14A226208CEB00093B1D /* goodNewsAppTests.swift */; };
		F2EF14AE26208CEB00093B1D /* goodNewsAppUITests.swift in Sources */ = {isa = PBXBuildFile; fileRef = F2EF14AD26208CEB00093B1D /* goodNewsAppUITests.swift */; };
		F2EF14BF26208DA200093B1D /* NewsTableViewController.swift in Sources */ = {isa = PBXBuildFile; fileRef = F2EF14BE26208DA200093B1D /* NewsTableViewController.swift */; };
		F50330174E6769247067BF12 /* Pods_goodNewsApp.framework in Frameworks */ = {isa = PBXBuildFile; fileRef = 8AA18CE072EF692CBD5A6630 /* Pods_goodNewsApp.framework */; };
/* End PBXBuildFile section */

/* Begin PBXContainerItemProxy section */
		F2EF149F26208CEB00093B1D /* PBXContainerItemProxy */ = {
			isa = PBXContainerItemProxy;
			containerPortal = F2EF147D26208CE600093B1D /* Project object */;
			proxyType = 1;
			remoteGlobalIDString = F2EF148426208CE600093B1D;
			remoteInfo = goodNewsApp;
		};
		F2EF14AA26208CEB00093B1D /* PBXContainerItemProxy */ = {
			isa = PBXContainerItemProxy;
			containerPortal = F2EF147D26208CE600093B1D /* Project object */;
			proxyType = 1;
			remoteGlobalIDString = F2EF148426208CE600093B1D;
			remoteInfo = goodNewsApp;
		};
/* End PBXContainerItemProxy section */

/* Begin PBXFileReference section */
		26BC9FF921516108E643E1D0 /* Pods-goodNewsAppTests.release.xcconfig */ = {isa = PBXFileReference; includeInIndex = 1; lastKnownFileType = text.xcconfig; name = "Pods-goodNewsAppTests.release.xcconfig"; path = "Target Support Files/Pods-goodNewsAppTests/Pods-goodNewsAppTests.release.xcconfig"; sourceTree = "<group>"; };
		4225E9B774B704ADC0EB21C8 /* Pods-goodNewsApp-goodNewsAppUITests.release.xcconfig */ = {isa = PBXFileReference; includeInIndex = 1; lastKnownFileType = text.xcconfig; name = "Pods-goodNewsApp-goodNewsAppUITests.release.xcconfig"; path = "Target Support Files/Pods-goodNewsApp-goodNewsAppUITests/Pods-goodNewsApp-goodNewsAppUITests.release.xcconfig"; sourceTree = "<group>"; };
		43A92C0D60172C2D1135F23A /* Pods_goodNewsAppTests.framework */ = {isa = PBXFileReference; explicitFileType = wrapper.framework; includeInIndex = 0; path = Pods_goodNewsAppTests.framework; sourceTree = BUILT_PRODUCTS_DIR; };
		581F404E248A59FEB866326B /* Pods-goodNewsApp-goodNewsAppUITests.debug.xcconfig */ = {isa = PBXFileReference; includeInIndex = 1; lastKnownFileType = text.xcconfig; name = "Pods-goodNewsApp-goodNewsAppUITests.debug.xcconfig"; path = "Target Support Files/Pods-goodNewsApp-goodNewsAppUITests/Pods-goodNewsApp-goodNewsAppUITests.debug.xcconfig"; sourceTree = "<group>"; };
		5B97B5BEA500B34681CF996E /* Pods-goodNewsApp.release.xcconfig */ = {isa = PBXFileReference; includeInIndex = 1; lastKnownFileType = text.xcconfig; name = "Pods-goodNewsApp.release.xcconfig"; path = "Target Support Files/Pods-goodNewsApp/Pods-goodNewsApp.release.xcconfig"; sourceTree = "<group>"; };
		8AA18CE072EF692CBD5A6630 /* Pods_goodNewsApp.framework */ = {isa = PBXFileReference; explicitFileType = wrapper.framework; includeInIndex = 0; path = Pods_goodNewsApp.framework; sourceTree = BUILT_PRODUCTS_DIR; };
		9CFAE140B539966980FC0762 /* Pods-goodNewsApp.debug.xcconfig */ = {isa = PBXFileReference; includeInIndex = 1; lastKnownFileType = text.xcconfig; name = "Pods-goodNewsApp.debug.xcconfig"; path = "Target Support Files/Pods-goodNewsApp/Pods-goodNewsApp.debug.xcconfig"; sourceTree = "<group>"; };
		BE011FEF7F29C008534579E8 /* Pods-goodNewsAppTests.debug.xcconfig */ = {isa = PBXFileReference; includeInIndex = 1; lastKnownFileType = text.xcconfig; name = "Pods-goodNewsAppTests.debug.xcconfig"; path = "Target Support Files/Pods-goodNewsAppTests/Pods-goodNewsAppTests.debug.xcconfig"; sourceTree = "<group>"; };
		D7CF333CE1FBEB8AD3B26CC8 /* Pods_goodNewsApp_goodNewsAppUITests.framework */ = {isa = PBXFileReference; explicitFileType = wrapper.framework; includeInIndex = 0; path = Pods_goodNewsApp_goodNewsAppUITests.framework; sourceTree = BUILT_PRODUCTS_DIR; };
		F21B38702620E31C0075AF71 /* Article.swift */ = {isa = PBXFileReference; lastKnownFileType = sourcecode.swift; path = Article.swift; sourceTree = "<group>"; };
		F2EF148526208CE600093B1D /* goodNewsApp.app */ = {isa = PBXFileReference; explicitFileType = wrapper.application; includeInIndex = 0; path = goodNewsApp.app; sourceTree = BUILT_PRODUCTS_DIR; };
		F2EF148826208CE600093B1D /* AppDelegate.swift */ = {isa = PBXFileReference; lastKnownFileType = sourcecode.swift; path = AppDelegate.swift; sourceTree = "<group>"; };
		F2EF148F26208CE600093B1D /* Base */ = {isa = PBXFileReference; lastKnownFileType = file.storyboard; name = Base; path = Base.lproj/Main.storyboard; sourceTree = "<group>"; };
		F2EF149226208CE600093B1D /* goodNewsApp.xcdatamodel */ = {isa = PBXFileReference; lastKnownFileType = wrapper.xcdatamodel; path = goodNewsApp.xcdatamodel; sourceTree = "<group>"; };
		F2EF149426208CEB00093B1D /* Assets.xcassets */ = {isa = PBXFileReference; lastKnownFileType = folder.assetcatalog; path = Assets.xcassets; sourceTree = "<group>"; };
		F2EF149726208CEB00093B1D /* Base */ = {isa = PBXFileReference; lastKnownFileType = file.storyboard; name = Base; path = Base.lproj/LaunchScreen.storyboard; sourceTree = "<group>"; };
		F2EF149926208CEB00093B1D /* Info.plist */ = {isa = PBXFileReference; lastKnownFileType = text.plist.xml; path = Info.plist; sourceTree = "<group>"; };
		F2EF149E26208CEB00093B1D /* goodNewsAppTests.xctest */ = {isa = PBXFileReference; explicitFileType = wrapper.cfbundle; includeInIndex = 0; path = goodNewsAppTests.xctest; sourceTree = BUILT_PRODUCTS_DIR; };
		F2EF14A226208CEB00093B1D /* goodNewsAppTests.swift */ = {isa = PBXFileReference; lastKnownFileType = sourcecode.swift; path = goodNewsAppTests.swift; sourceTree = "<group>"; };
		F2EF14A426208CEB00093B1D /* Info.plist */ = {isa = PBXFileReference; lastKnownFileType = text.plist.xml; path = Info.plist; sourceTree = "<group>"; };
		F2EF14A926208CEB00093B1D /* goodNewsAppUITests.xctest */ = {isa = PBXFileReference; explicitFileType = wrapper.cfbundle; includeInIndex = 0; path = goodNewsAppUITests.xctest; sourceTree = BUILT_PRODUCTS_DIR; };
		F2EF14AD26208CEB00093B1D /* goodNewsAppUITests.swift */ = {isa = PBXFileReference; lastKnownFileType = sourcecode.swift; path = goodNewsAppUITests.swift; sourceTree = "<group>"; };
		F2EF14AF26208CEB00093B1D /* Info.plist */ = {isa = PBXFileReference; lastKnownFileType = text.plist.xml; path = Info.plist; sourceTree = "<group>"; };
		F2EF14BE26208DA200093B1D /* NewsTableViewController.swift */ = {isa = PBXFileReference; lastKnownFileType = sourcecode.swift; path = NewsTableViewController.swift; sourceTree = "<group>"; };
/* End PBXFileReference section */

/* Begin PBXFrameworksBuildPhase section */
		F2EF148226208CE600093B1D /* Frameworks */ = {
			isa = PBXFrameworksBuildPhase;
			buildActionMask = 2147483647;
			files = (
				F50330174E6769247067BF12 /* Pods_goodNewsApp.framework in Frameworks */,
			);
			runOnlyForDeploymentPostprocessing = 0;
		};
		F2EF149B26208CEB00093B1D /* Frameworks */ = {
			isa = PBXFrameworksBuildPhase;
			buildActionMask = 2147483647;
			files = (
				4E82BFA79889916CC4D90CAE /* Pods_goodNewsAppTests.framework in Frameworks */,
			);
			runOnlyForDeploymentPostprocessing = 0;
		};
		F2EF14A626208CEB00093B1D /* Frameworks */ = {
			isa = PBXFrameworksBuildPhase;
			buildActionMask = 2147483647;
			files = (
				C093ACE318087BD7E293DFC0 /* Pods_goodNewsApp_goodNewsAppUITests.framework in Frameworks */,
			);
			runOnlyForDeploymentPostprocessing = 0;
		};
/* End PBXFrameworksBuildPhase section */

/* Begin PBXGroup section */
		F16468004F88317A68933A70 /* Frameworks */ = {
			isa = PBXGroup;
			children = (
				8AA18CE072EF692CBD5A6630 /* Pods_goodNewsApp.framework */,
				D7CF333CE1FBEB8AD3B26CC8 /* Pods_goodNewsApp_goodNewsAppUITests.framework */,
				43A92C0D60172C2D1135F23A /* Pods_goodNewsAppTests.framework */,
			);
			name = Frameworks;
			sourceTree = "<group>";
		};
		F1ED4AF406C7C9DB75664FEB /* Pods */ = {
			isa = PBXGroup;
			children = (
				9CFAE140B539966980FC0762 /* Pods-goodNewsApp.debug.xcconfig */,
				5B97B5BEA500B34681CF996E /* Pods-goodNewsApp.release.xcconfig */,
				581F404E248A59FEB866326B /* Pods-goodNewsApp-goodNewsAppUITests.debug.xcconfig */,
				4225E9B774B704ADC0EB21C8 /* Pods-goodNewsApp-goodNewsAppUITests.release.xcconfig */,
				BE011FEF7F29C008534579E8 /* Pods-goodNewsAppTests.debug.xcconfig */,
				26BC9FF921516108E643E1D0 /* Pods-goodNewsAppTests.release.xcconfig */,
			);
			path = Pods;
			sourceTree = "<group>";
		};
		F21B386F2620E30A0075AF71 /* Models */ = {
			isa = PBXGroup;
			children = (
				F21B38702620E31C0075AF71 /* Article.swift */,
			);
			path = Models;
			sourceTree = "<group>";
		};
		F2EF147C26208CE600093B1D = {
			isa = PBXGroup;
			children = (
				F2EF148726208CE600093B1D /* goodNewsApp */,
				F2EF14A126208CEB00093B1D /* goodNewsAppTests */,
				F2EF14AC26208CEB00093B1D /* goodNewsAppUITests */,
				F2EF148626208CE600093B1D /* Products */,
				F1ED4AF406C7C9DB75664FEB /* Pods */,
				F16468004F88317A68933A70 /* Frameworks */,
			);
			sourceTree = "<group>";
		};
		F2EF148626208CE600093B1D /* Products */ = {
			isa = PBXGroup;
			children = (
				F2EF148526208CE600093B1D /* goodNewsApp.app */,
				F2EF149E26208CEB00093B1D /* goodNewsAppTests.xctest */,
				F2EF14A926208CEB00093B1D /* goodNewsAppUITests.xctest */,
			);
			name = Products;
			sourceTree = "<group>";
		};
		F2EF148726208CE600093B1D /* goodNewsApp */ = {
			isa = PBXGroup;
			children = (
				F21B386F2620E30A0075AF71 /* Models */,
				F2EF148826208CE600093B1D /* AppDelegate.swift */,
				F2EF148E26208CE600093B1D /* Main.storyboard */,
				F2EF149426208CEB00093B1D /* Assets.xcassets */,
				F2EF149626208CEB00093B1D /* LaunchScreen.storyboard */,
				F2EF149926208CEB00093B1D /* Info.plist */,
				F2EF149126208CE600093B1D /* goodNewsApp.xcdatamodeld */,
				F2EF14BE26208DA200093B1D /* NewsTableViewController.swift */,
			);
			path = goodNewsApp;
			sourceTree = "<group>";
		};
		F2EF14A126208CEB00093B1D /* goodNewsAppTests */ = {
			isa = PBXGroup;
			children = (
				F2EF14A226208CEB00093B1D /* goodNewsAppTests.swift */,
				F2EF14A426208CEB00093B1D /* Info.plist */,
			);
			path = goodNewsAppTests;
			sourceTree = "<group>";
		};
		F2EF14AC26208CEB00093B1D /* goodNewsAppUITests */ = {
			isa = PBXGroup;
			children = (
				F2EF14AD26208CEB00093B1D /* goodNewsAppUITests.swift */,
				F2EF14AF26208CEB00093B1D /* Info.plist */,
			);
			path = goodNewsAppUITests;
			sourceTree = "<group>";
		};
/* End PBXGroup section */

/* Begin PBXNativeTarget section */
		F2EF148426208CE600093B1D /* goodNewsApp */ = {
			isa = PBXNativeTarget;
			buildConfigurationList = F2EF14B226208CEB00093B1D /* Build configuration list for PBXNativeTarget "goodNewsApp" */;
			buildPhases = (
				28DF1E5CF515698778997E2B /* [CP] Check Pods Manifest.lock */,
				F2EF148126208CE600093B1D /* Sources */,
				F2EF148226208CE600093B1D /* Frameworks */,
				F2EF148326208CE600093B1D /* Resources */,
				CEEB932FFBE59E25FB77ED23 /* [CP] Embed Pods Frameworks */,
			);
			buildRules = (
			);
			dependencies = (
			);
			name = goodNewsApp;
			productName = goodNewsApp;
			productReference = F2EF148526208CE600093B1D /* goodNewsApp.app */;
			productType = "com.apple.product-type.application";
		};
		F2EF149D26208CEB00093B1D /* goodNewsAppTests */ = {
			isa = PBXNativeTarget;
			buildConfigurationList = F2EF14B526208CEB00093B1D /* Build configuration list for PBXNativeTarget "goodNewsAppTests" */;
			buildPhases = (
				A9712B2D69C52CE270C08B59 /* [CP] Check Pods Manifest.lock */,
				F2EF149A26208CEB00093B1D /* Sources */,
				F2EF149B26208CEB00093B1D /* Frameworks */,
				F2EF149C26208CEB00093B1D /* Resources */,
			);
			buildRules = (
			);
			dependencies = (
				F2EF14A026208CEB00093B1D /* PBXTargetDependency */,
			);
			name = goodNewsAppTests;
			productName = goodNewsAppTests;
			productReference = F2EF149E26208CEB00093B1D /* goodNewsAppTests.xctest */;
			productType = "com.apple.product-type.bundle.unit-test";
		};
		F2EF14A826208CEB00093B1D /* goodNewsAppUITests */ = {
			isa = PBXNativeTarget;
			buildConfigurationList = F2EF14B826208CEB00093B1D /* Build configuration list for PBXNativeTarget "goodNewsAppUITests" */;
			buildPhases = (
				EA74F1FBE093666E402DC425 /* [CP] Check Pods Manifest.lock */,
				F2EF14A526208CEB00093B1D /* Sources */,
				F2EF14A626208CEB00093B1D /* Frameworks */,
				F2EF14A726208CEB00093B1D /* Resources */,
				ACDC332CA1D16D8229090998 /* [CP] Embed Pods Frameworks */,
			);
			buildRules = (
			);
			dependencies = (
				F2EF14AB26208CEB00093B1D /* PBXTargetDependency */,
			);
			name = goodNewsAppUITests;
			productName = goodNewsAppUITests;
			productReference = F2EF14A926208CEB00093B1D /* goodNewsAppUITests.xctest */;
			productType = "com.apple.product-type.bundle.ui-testing";
		};
/* End PBXNativeTarget section */

/* Begin PBXProject section */
		F2EF147D26208CE600093B1D /* Project object */ = {
			isa = PBXProject;
			attributes = {
				LastSwiftUpdateCheck = 1220;
				LastUpgradeCheck = 1220;
				TargetAttributes = {
					F2EF148426208CE600093B1D = {
						CreatedOnToolsVersion = 12.2;
					};
					F2EF149D26208CEB00093B1D = {
						CreatedOnToolsVersion = 12.2;
						TestTargetID = F2EF148426208CE600093B1D;
					};
					F2EF14A826208CEB00093B1D = {
						CreatedOnToolsVersion = 12.2;
						TestTargetID = F2EF148426208CE600093B1D;
					};
				};
			};
			buildConfigurationList = F2EF148026208CE600093B1D /* Build configuration list for PBXProject "goodNewsApp" */;
			compatibilityVersion = "Xcode 9.3";
			developmentRegion = en;
			hasScannedForEncodings = 0;
			knownRegions = (
				en,
				Base,
			);
			mainGroup = F2EF147C26208CE600093B1D;
			productRefGroup = F2EF148626208CE600093B1D /* Products */;
			projectDirPath = "";
			projectRoot = "";
			targets = (
				F2EF148426208CE600093B1D /* goodNewsApp */,
				F2EF149D26208CEB00093B1D /* goodNewsAppTests */,
				F2EF14A826208CEB00093B1D /* goodNewsAppUITests */,
			);
		};
/* End PBXProject section */

/* Begin PBXResourcesBuildPhase section */
		F2EF148326208CE600093B1D /* Resources */ = {
			isa = PBXResourcesBuildPhase;
			buildActionMask = 2147483647;
			files = (
				F2EF149826208CEB00093B1D /* LaunchScreen.storyboard in Resources */,
				F2EF149526208CEB00093B1D /* Assets.xcassets in Resources */,
				F2EF149026208CE600093B1D /* Main.storyboard in Resources */,
			);
			runOnlyForDeploymentPostprocessing = 0;
		};
		F2EF149C26208CEB00093B1D /* Resources */ = {
			isa = PBXResourcesBuildPhase;
			buildActionMask = 2147483647;
			files = (
			);
			runOnlyForDeploymentPostprocessing = 0;
		};
		F2EF14A726208CEB00093B1D /* Resources */ = {
			isa = PBXResourcesBuildPhase;
			buildActionMask = 2147483647;
			files = (
			);
			runOnlyForDeploymentPostprocessing = 0;
		};
/* End PBXResourcesBuildPhase section */

/* Begin PBXShellScriptBuildPhase section */
		28DF1E5CF515698778997E2B /* [CP] Check Pods Manifest.lock */ = {
			isa = PBXShellScriptBuildPhase;
			buildActionMask = 2147483647;
			files = (
			);
			inputFileListPaths = (
			);
			inputPaths = (
				"${PODS_PODFILE_DIR_PATH}/Podfile.lock",
				"${PODS_ROOT}/Manifest.lock",
			);
			name = "[CP] Check Pods Manifest.lock";
			outputFileListPaths = (
			);
			outputPaths = (
				"$(DERIVED_FILE_DIR)/Pods-goodNewsApp-checkManifestLockResult.txt",
			);
			runOnlyForDeploymentPostprocessing = 0;
			shellPath = /bin/sh;
			shellScript = "diff \"${PODS_PODFILE_DIR_PATH}/Podfile.lock\" \"${PODS_ROOT}/Manifest.lock\" > /dev/null\nif [ $? != 0 ] ; then\n    # print error to STDERR\n    echo \"error: The sandbox is not in sync with the Podfile.lock. Run 'pod install' or update your CocoaPods installation.\" >&2\n    exit 1\nfi\n# This output is used by Xcode 'outputs' to avoid re-running this script phase.\necho \"SUCCESS\" > \"${SCRIPT_OUTPUT_FILE_0}\"\n";
			showEnvVarsInLog = 0;
		};
		A9712B2D69C52CE270C08B59 /* [CP] Check Pods Manifest.lock */ = {
			isa = PBXShellScriptBuildPhase;
			buildActionMask = 2147483647;
			files = (
			);
			inputFileListPaths = (
			);
			inputPaths = (
				"${PODS_PODFILE_DIR_PATH}/Podfile.lock",
				"${PODS_ROOT}/Manifest.lock",
			);
			name = "[CP] Check Pods Manifest.lock";
			outputFileListPaths = (
			);
			outputPaths = (
				"$(DERIVED_FILE_DIR)/Pods-goodNewsAppTests-checkManifestLockResult.txt",
			);
			runOnlyForDeploymentPostprocessing = 0;
			shellPath = /bin/sh;
			shellScript = "diff \"${PODS_PODFILE_DIR_PATH}/Podfile.lock\" \"${PODS_ROOT}/Manifest.lock\" > /dev/null\nif [ $? != 0 ] ; then\n    # print error to STDERR\n    echo \"error: The sandbox is not in sync with the Podfile.lock. Run 'pod install' or update your CocoaPods installation.\" >&2\n    exit 1\nfi\n# This output is used by Xcode 'outputs' to avoid re-running this script phase.\necho \"SUCCESS\" > \"${SCRIPT_OUTPUT_FILE_0}\"\n";
			showEnvVarsInLog = 0;
		};
		ACDC332CA1D16D8229090998 /* [CP] Embed Pods Frameworks */ = {
			isa = PBXShellScriptBuildPhase;
			buildActionMask = 2147483647;
			files = (
			);
			inputFileListPaths = (
				"${PODS_ROOT}/Target Support Files/Pods-goodNewsApp-goodNewsAppUITests/Pods-goodNewsApp-goodNewsAppUITests-frameworks-${CONFIGURATION}-input-files.xcfilelist",
			);
			name = "[CP] Embed Pods Frameworks";
			outputFileListPaths = (
				"${PODS_ROOT}/Target Support Files/Pods-goodNewsApp-goodNewsAppUITests/Pods-goodNewsApp-goodNewsAppUITests-frameworks-${CONFIGURATION}-output-files.xcfilelist",
			);
			runOnlyForDeploymentPostprocessing = 0;
			shellPath = /bin/sh;
			shellScript = "\"${PODS_ROOT}/Target Support Files/Pods-goodNewsApp-goodNewsAppUITests/Pods-goodNewsApp-goodNewsAppUITests-frameworks.sh\"\n";
			showEnvVarsInLog = 0;
		};
		CEEB932FFBE59E25FB77ED23 /* [CP] Embed Pods Frameworks */ = {
			isa = PBXShellScriptBuildPhase;
			buildActionMask = 2147483647;
			files = (
			);
			inputFileListPaths = (
				"${PODS_ROOT}/Target Support Files/Pods-goodNewsApp/Pods-goodNewsApp-frameworks-${CONFIGURATION}-input-files.xcfilelist",
			);
			name = "[CP] Embed Pods Frameworks";
			outputFileListPaths = (
				"${PODS_ROOT}/Target Support Files/Pods-goodNewsApp/Pods-goodNewsApp-frameworks-${CONFIGURATION}-output-files.xcfilelist",
			);
			runOnlyForDeploymentPostprocessing = 0;
			shellPath = /bin/sh;
			shellScript = "\"${PODS_ROOT}/Target Support Files/Pods-goodNewsApp/Pods-goodNewsApp-frameworks.sh\"\n";
			showEnvVarsInLog = 0;
		};
		EA74F1FBE093666E402DC425 /* [CP] Check Pods Manifest.lock */ = {
			isa = PBXShellScriptBuildPhase;
			buildActionMask = 2147483647;
			files = (
			);
			inputFileListPaths = (
			);
			inputPaths = (
				"${PODS_PODFILE_DIR_PATH}/Podfile.lock",
				"${PODS_ROOT}/Manifest.lock",
			);
			name = "[CP] Check Pods Manifest.lock";
			outputFileListPaths = (
			);
			outputPaths = (
				"$(DERIVED_FILE_DIR)/Pods-goodNewsApp-goodNewsAppUITests-checkManifestLockResult.txt",
			);
			runOnlyForDeploymentPostprocessing = 0;
			shellPath = /bin/sh;
			shellScript = "diff \"${PODS_PODFILE_DIR_PATH}/Podfile.lock\" \"${PODS_ROOT}/Manifest.lock\" > /dev/null\nif [ $? != 0 ] ; then\n    # print error to STDERR\n    echo \"error: The sandbox is not in sync with the Podfile.lock. Run 'pod install' or update your CocoaPods installation.\" >&2\n    exit 1\nfi\n# This output is used by Xcode 'outputs' to avoid re-running this script phase.\necho \"SUCCESS\" > \"${SCRIPT_OUTPUT_FILE_0}\"\n";
			showEnvVarsInLog = 0;
		};
/* End PBXShellScriptBuildPhase section */

/* Begin PBXSourcesBuildPhase section */
		F2EF148126208CE600093B1D /* Sources */ = {
			isa = PBXSourcesBuildPhase;
			buildActionMask = 2147483647;
			files = (
				F21B38712620E31C0075AF71 /* Article.swift in Sources */,
				F2EF148926208CE600093B1D /* AppDelegate.swift in Sources */,
				F2EF14BF26208DA200093B1D /* NewsTableViewController.swift in Sources */,
				F2EF149326208CE600093B1D /* goodNewsApp.xcdatamodeld in Sources */,
			);
			runOnlyForDeploymentPostprocessing = 0;
		};
		F2EF149A26208CEB00093B1D /* Sources */ = {
			isa = PBXSourcesBuildPhase;
			buildActionMask = 2147483647;
			files = (
				F2EF14A326208CEB00093B1D /* goodNewsAppTests.swift in Sources */,
			);
			runOnlyForDeploymentPostprocessing = 0;
		};
		F2EF14A526208CEB00093B1D /* Sources */ = {
			isa = PBXSourcesBuildPhase;
			buildActionMask = 2147483647;
			files = (
				F2EF14AE26208CEB00093B1D /* goodNewsAppUITests.swift in Sources */,
			);
			runOnlyForDeploymentPostprocessing = 0;
		};
/* End PBXSourcesBuildPhase section */

/* Begin PBXTargetDependency section */
		F2EF14A026208CEB00093B1D /* PBXTargetDependency */ = {
			isa = PBXTargetDependency;
			target = F2EF148426208CE600093B1D /* goodNewsApp */;
			targetProxy = F2EF149F26208CEB00093B1D /* PBXContainerItemProxy */;
		};
		F2EF14AB26208CEB00093B1D /* PBXTargetDependency */ = {
			isa = PBXTargetDependency;
			target = F2EF148426208CE600093B1D /* goodNewsApp */;
			targetProxy = F2EF14AA26208CEB00093B1D /* PBXContainerItemProxy */;
		};
/* End PBXTargetDependency section */

/* Begin PBXVariantGroup section */
		F2EF148E26208CE600093B1D /* Main.storyboard */ = {
			isa = PBXVariantGroup;
			children = (
				F2EF148F26208CE600093B1D /* Base */,
			);
			name = Main.storyboard;
			sourceTree = "<group>";
		};
		F2EF149626208CEB00093B1D /* LaunchScreen.storyboard */ = {
			isa = PBXVariantGroup;
			children = (
				F2EF149726208CEB00093B1D /* Base */,
			);
			name = LaunchScreen.storyboard;
			sourceTree = "<group>";
		};
/* End PBXVariantGroup section */

/* Begin XCBuildConfiguration section */
		F2EF14B026208CEB00093B1D /* Debug */ = {
			isa = XCBuildConfiguration;
			buildSettings = {
				ALWAYS_SEARCH_USER_PATHS = NO;
				CLANG_ANALYZER_NONNULL = YES;
				CLANG_ANALYZER_NUMBER_OBJECT_CONVERSION = YES_AGGRESSIVE;
				CLANG_CXX_LANGUAGE_STANDARD = "gnu++14";
				CLANG_CXX_LIBRARY = "libc++";
				CLANG_ENABLE_MODULES = YES;
				CLANG_ENABLE_OBJC_ARC = YES;
				CLANG_ENABLE_OBJC_WEAK = YES;
				CLANG_WARN_BLOCK_CAPTURE_AUTORELEASING = YES;
				CLANG_WARN_BOOL_CONVERSION = YES;
				CLANG_WARN_COMMA = YES;
				CLANG_WARN_CONSTANT_CONVERSION = YES;
				CLANG_WARN_DEPRECATED_OBJC_IMPLEMENTATIONS = YES;
				CLANG_WARN_DIRECT_OBJC_ISA_USAGE = YES_ERROR;
				CLANG_WARN_DOCUMENTATION_COMMENTS = YES;
				CLANG_WARN_EMPTY_BODY = YES;
				CLANG_WARN_ENUM_CONVERSION = YES;
				CLANG_WARN_INFINITE_RECURSION = YES;
				CLANG_WARN_INT_CONVERSION = YES;
				CLANG_WARN_NON_LITERAL_NULL_CONVERSION = YES;
				CLANG_WARN_OBJC_IMPLICIT_RETAIN_SELF = YES;
				CLANG_WARN_OBJC_LITERAL_CONVERSION = YES;
				CLANG_WARN_OBJC_ROOT_CLASS = YES_ERROR;
				CLANG_WARN_QUOTED_INCLUDE_IN_FRAMEWORK_HEADER = YES;
				CLANG_WARN_RANGE_LOOP_ANALYSIS = YES;
				CLANG_WARN_STRICT_PROTOTYPES = YES;
				CLANG_WARN_SUSPICIOUS_MOVE = YES;
				CLANG_WARN_UNGUARDED_AVAILABILITY = YES_AGGRESSIVE;
				CLANG_WARN_UNREACHABLE_CODE = YES;
				CLANG_WARN__DUPLICATE_METHOD_MATCH = YES;
				COPY_PHASE_STRIP = NO;
				DEBUG_INFORMATION_FORMAT = dwarf;
				ENABLE_STRICT_OBJC_MSGSEND = YES;
				ENABLE_TESTABILITY = YES;
				GCC_C_LANGUAGE_STANDARD = gnu11;
				GCC_DYNAMIC_NO_PIC = NO;
				GCC_NO_COMMON_BLOCKS = YES;
				GCC_OPTIMIZATION_LEVEL = 0;
				GCC_PREPROCESSOR_DEFINITIONS = (
					"DEBUG=1",
					"$(inherited)",
				);
				GCC_WARN_64_TO_32_BIT_CONVERSION = YES;
				GCC_WARN_ABOUT_RETURN_TYPE = YES_ERROR;
				GCC_WARN_UNDECLARED_SELECTOR = YES;
				GCC_WARN_UNINITIALIZED_AUTOS = YES_AGGRESSIVE;
				GCC_WARN_UNUSED_FUNCTION = YES;
				GCC_WARN_UNUSED_VARIABLE = YES;
				IPHONEOS_DEPLOYMENT_TARGET = 14.2;
				MTL_ENABLE_DEBUG_INFO = INCLUDE_SOURCE;
				MTL_FAST_MATH = YES;
				ONLY_ACTIVE_ARCH = YES;
				SDKROOT = iphoneos;
				SWIFT_ACTIVE_COMPILATION_CONDITIONS = DEBUG;
				SWIFT_OPTIMIZATION_LEVEL = "-Onone";
			};
			name = Debug;
		};
		F2EF14B126208CEB00093B1D /* Release */ = {
			isa = XCBuildConfiguration;
			buildSettings = {
				ALWAYS_SEARCH_USER_PATHS = NO;
				CLANG_ANALYZER_NONNULL = YES;
				CLANG_ANALYZER_NUMBER_OBJECT_CONVERSION = YES_AGGRESSIVE;
				CLANG_CXX_LANGUAGE_STANDARD = "gnu++14";
				CLANG_CXX_LIBRARY = "libc++";
				CLANG_ENABLE_MODULES = YES;
				CLANG_ENABLE_OBJC_ARC = YES;
				CLANG_ENABLE_OBJC_WEAK = YES;
				CLANG_WARN_BLOCK_CAPTURE_AUTORELEASING = YES;
				CLANG_WARN_BOOL_CONVERSION = YES;
				CLANG_WARN_COMMA = YES;
				CLANG_WARN_CONSTANT_CONVERSION = YES;
				CLANG_WARN_DEPRECATED_OBJC_IMPLEMENTATIONS = YES;
				CLANG_WARN_DIRECT_OBJC_ISA_USAGE = YES_ERROR;
				CLANG_WARN_DOCUMENTATION_COMMENTS = YES;
				CLANG_WARN_EMPTY_BODY = YES;
				CLANG_WARN_ENUM_CONVERSION = YES;
				CLANG_WARN_INFINITE_RECURSION = YES;
				CLANG_WARN_INT_CONVERSION = YES;
				CLANG_WARN_NON_LITERAL_NULL_CONVERSION = YES;
				CLANG_WARN_OBJC_IMPLICIT_RETAIN_SELF = YES;
				CLANG_WARN_OBJC_LITERAL_CONVERSION = YES;
				CLANG_WARN_OBJC_ROOT_CLASS = YES_ERROR;
				CLANG_WARN_QUOTED_INCLUDE_IN_FRAMEWORK_HEADER = YES;
				CLANG_WARN_RANGE_LOOP_ANALYSIS = YES;
				CLANG_WARN_STRICT_PROTOTYPES = YES;
				CLANG_WARN_SUSPICIOUS_MOVE = YES;
				CLANG_WARN_UNGUARDED_AVAILABILITY = YES_AGGRESSIVE;
				CLANG_WARN_UNREACHABLE_CODE = YES;
				CLANG_WARN__DUPLICATE_METHOD_MATCH = YES;
				COPY_PHASE_STRIP = NO;
				DEBUG_INFORMATION_FORMAT = "dwarf-with-dsym";
				ENABLE_NS_ASSERTIONS = NO;
				ENABLE_STRICT_OBJC_MSGSEND = YES;
				GCC_C_LANGUAGE_STANDARD = gnu11;
				GCC_NO_COMMON_BLOCKS = YES;
				GCC_WARN_64_TO_32_BIT_CONVERSION = YES;
				GCC_WARN_ABOUT_RETURN_TYPE = YES_ERROR;
				GCC_WARN_UNDECLARED_SELECTOR = YES;
				GCC_WARN_UNINITIALIZED_AUTOS = YES_AGGRESSIVE;
				GCC_WARN_UNUSED_FUNCTION = YES;
				GCC_WARN_UNUSED_VARIABLE = YES;
				IPHONEOS_DEPLOYMENT_TARGET = 14.2;
				MTL_ENABLE_DEBUG_INFO = NO;
				MTL_FAST_MATH = YES;
				SDKROOT = iphoneos;
				SWIFT_COMPILATION_MODE = wholemodule;
				SWIFT_OPTIMIZATION_LEVEL = "-O";
				VALIDATE_PRODUCT = YES;
			};
			name = Release;
		};
		F2EF14B326208CEB00093B1D /* Debug */ = {
			isa = XCBuildConfiguration;
			baseConfigurationReference = 9CFAE140B539966980FC0762 /* Pods-goodNewsApp.debug.xcconfig */;
			buildSettings = {
				ASSETCATALOG_COMPILER_APPICON_NAME = AppIcon;
				ASSETCATALOG_COMPILER_GLOBAL_ACCENT_COLOR_NAME = AccentColor;
				CODE_SIGN_STYLE = Automatic;
				INFOPLIST_FILE = goodNewsApp/Info.plist;
				LD_RUNPATH_SEARCH_PATHS = (
					"$(inherited)",
					"@executable_path/Frameworks",
				);
				PRODUCT_BUNDLE_IDENTIFIER = "br.com.github-bertiGrazi.goodNewsApp";
				PRODUCT_NAME = "$(TARGET_NAME)";
				SWIFT_VERSION = 5.0;
				TARGETED_DEVICE_FAMILY = "1,2";
			};
			name = Debug;
		};
		F2EF14B426208CEB00093B1D /* Release */ = {
			isa = XCBuildConfiguration;
			baseConfigurationReference = 5B97B5BEA500B34681CF996E /* Pods-goodNewsApp.release.xcconfig */;
			buildSettings = {
				ASSETCATALOG_COMPILER_APPICON_NAME = AppIcon;
				ASSETCATALOG_COMPILER_GLOBAL_ACCENT_COLOR_NAME = AccentColor;
				CODE_SIGN_STYLE = Automatic;
				INFOPLIST_FILE = goodNewsApp/Info.plist;
				LD_RUNPATH_SEARCH_PATHS = (
					"$(inherited)",
					"@executable_path/Frameworks",
				);
				PRODUCT_BUNDLE_IDENTIFIER = "br.com.github-bertiGrazi.goodNewsApp";
				PRODUCT_NAME = "$(TARGET_NAME)";
				SWIFT_VERSION = 5.0;
				TARGETED_DEVICE_FAMILY = "1,2";
			};
			name = Release;
		};
		F2EF14B626208CEB00093B1D /* Debug */ = {
			isa = XCBuildConfiguration;
			baseConfigurationReference = BE011FEF7F29C008534579E8 /* Pods-goodNewsAppTests.debug.xcconfig */;
			buildSettings = {
				ALWAYS_EMBED_SWIFT_STANDARD_LIBRARIES = YES;
				BUNDLE_LOADER = "$(TEST_HOST)";
				CODE_SIGN_STYLE = Automatic;
				INFOPLIST_FILE = goodNewsAppTests/Info.plist;
				IPHONEOS_DEPLOYMENT_TARGET = 14.2;
				LD_RUNPATH_SEARCH_PATHS = (
					"$(inherited)",
					"@executable_path/Frameworks",
					"@loader_path/Frameworks",
				);
				PRODUCT_BUNDLE_IDENTIFIER = "br.com.github-bertiGrazi.goodNewsAppTests";
				PRODUCT_NAME = "$(TARGET_NAME)";
				SWIFT_VERSION = 5.0;
				TARGETED_DEVICE_FAMILY = "1,2";
				TEST_HOST = "$(BUILT_PRODUCTS_DIR)/goodNewsApp.app/goodNewsApp";
			};
			name = Debug;
		};
		F2EF14B726208CEB00093B1D /* Release */ = {
			isa = XCBuildConfiguration;
			baseConfigurationReference = 26BC9FF921516108E643E1D0 /* Pods-goodNewsAppTests.release.xcconfig */;
			buildSettings = {
				ALWAYS_EMBED_SWIFT_STANDARD_LIBRARIES = YES;
				BUNDLE_LOADER = "$(TEST_HOST)";
				CODE_SIGN_STYLE = Automatic;
				INFOPLIST_FILE = goodNewsAppTests/Info.plist;
				IPHONEOS_DEPLOYMENT_TARGET = 14.2;
				LD_RUNPATH_SEARCH_PATHS = (
					"$(inherited)",
					"@executable_path/Frameworks",
					"@loader_path/Frameworks",
				);
				PRODUCT_BUNDLE_IDENTIFIER = "br.com.github-bertiGrazi.goodNewsAppTests";
				PRODUCT_NAME = "$(TARGET_NAME)";
				SWIFT_VERSION = 5.0;
				TARGETED_DEVICE_FAMILY = "1,2";
				TEST_HOST = "$(BUILT_PRODUCTS_DIR)/goodNewsApp.app/goodNewsApp";
			};
			name = Release;
		};
		F2EF14B926208CEB00093B1D /* Debug */ = {
			isa = XCBuildConfiguration;
			baseConfigurationReference = 581F404E248A59FEB866326B /* Pods-goodNewsApp-goodNewsAppUITests.debug.xcconfig */;
			buildSettings = {
				ALWAYS_EMBED_SWIFT_STANDARD_LIBRARIES = YES;
				CODE_SIGN_STYLE = Automatic;
				INFOPLIST_FILE = goodNewsAppUITests/Info.plist;
				LD_RUNPATH_SEARCH_PATHS = (
					"$(inherited)",
					"@executable_path/Frameworks",
					"@loader_path/Frameworks",
				);
				PRODUCT_BUNDLE_IDENTIFIER = "br.com.github-bertiGrazi.goodNewsAppUITests";
				PRODUCT_NAME = "$(TARGET_NAME)";
				SWIFT_VERSION = 5.0;
				TARGETED_DEVICE_FAMILY = "1,2";
				TEST_TARGET_NAME = goodNewsApp;
			};
			name = Debug;
		};
		F2EF14BA26208CEB00093B1D /* Release */ = {
			isa = XCBuildConfiguration;
			baseConfigurationReference = 4225E9B774B704ADC0EB21C8 /* Pods-goodNewsApp-goodNewsAppUITests.release.xcconfig */;
			buildSettings = {
				ALWAYS_EMBED_SWIFT_STANDARD_LIBRARIES = YES;
				CODE_SIGN_STYLE = Automatic;
				INFOPLIST_FILE = goodNewsAppUITests/Info.plist;
				LD_RUNPATH_SEARCH_PATHS = (
					"$(inherited)",
					"@executable_path/Frameworks",
					"@loader_path/Frameworks",
				);
				PRODUCT_BUNDLE_IDENTIFIER = "br.com.github-bertiGrazi.goodNewsAppUITests";
				PRODUCT_NAME = "$(TARGET_NAME)";
				SWIFT_VERSION = 5.0;
				TARGETED_DEVICE_FAMILY = "1,2";
				TEST_TARGET_NAME = goodNewsApp;
			};
			name = Release;
		};
/* End XCBuildConfiguration section */

/* Begin XCConfigurationList section */
		F2EF148026208CE600093B1D /* Build configuration list for PBXProject "goodNewsApp" */ = {
			isa = XCConfigurationList;
			buildConfigurations = (
				F2EF14B026208CEB00093B1D /* Debug */,
				F2EF14B126208CEB00093B1D /* Release */,
			);
			defaultConfigurationIsVisible = 0;
			defaultConfigurationName = Release;
		};
		F2EF14B226208CEB00093B1D /* Build configuration list for PBXNativeTarget "goodNewsApp" */ = {
			isa = XCConfigurationList;
			buildConfigurations = (
				F2EF14B326208CEB00093B1D /* Debug */,
				F2EF14B426208CEB00093B1D /* Release */,
			);
			defaultConfigurationIsVisible = 0;
			defaultConfigurationName = Release;
		};
		F2EF14B526208CEB00093B1D /* Build configuration list for PBXNativeTarget "goodNewsAppTests" */ = {
			isa = XCConfigurationList;
			buildConfigurations = (
				F2EF14B626208CEB00093B1D /* Debug */,
				F2EF14B726208CEB00093B1D /* Release */,
			);
			defaultConfigurationIsVisible = 0;
			defaultConfigurationName = Release;
		};
		F2EF14B826208CEB00093B1D /* Build configuration list for PBXNativeTarget "goodNewsAppUITests" */ = {
			isa = XCConfigurationList;
			buildConfigurations = (
				F2EF14B926208CEB00093B1D /* Debug */,
				F2EF14BA26208CEB00093B1D /* Release */,
			);
			defaultConfigurationIsVisible = 0;
			defaultConfigurationName = Release;
		};
/* End XCConfigurationList section */

/* Begin XCVersionGroup section */
		F2EF149126208CE600093B1D /* goodNewsApp.xcdatamodeld */ = {
			isa = XCVersionGroup;
			children = (
				F2EF149226208CE600093B1D /* goodNewsApp.xcdatamodel */,
			);
			currentVersion = F2EF149226208CE600093B1D /* goodNewsApp.xcdatamodel */;
			path = goodNewsApp.xcdatamodeld;
			sourceTree = "<group>";
			versionGroupType = wrapper.xcdatamodel;
		};
/* End XCVersionGroup section */
	};
	rootObject = F2EF147D26208CE600093B1D /* Project object */;
}
